
Microsoft Visual Studio Solution File, Format Version 12.00
# Visual Studio 15
VisualStudioVersion = 15.0.27428.2037
MinimumVisualStudioVersion = 10.0.40219.1
Project("{FAE04EC0-301F-11D3-BF4B-00C04F79EFBC}") = "Pc-PartPicker", "Pc-PartPicker\Pc-PartPicker.csproj", "{A7602DD8-BBA8-4CA4-B981-1210D13486B8}"
EndProject
Global
	GlobalSection(SolutionConfigurationPlatforms) = preSolution
		Debug|Any CPU = Debug|Any CPU
		Release|Any CPU = Release|Any CPU
	EndGlobalSection
	GlobalSection(ProjectConfigurationPlatforms) = postSolution
		{A7602DD8-BBA8-4CA4-B981-1210D13486B8}.Debug|Any CPU.ActiveCfg = Debug|Any CPU
		{A7602DD8-BBA8-4CA4-B981-1210D13486B8}.Debug|Any CPU.Build.0 = Debug|Any CPU
		{A7602DD8-BBA8-4CA4-B981-1210D13486B8}.Release|Any CPU.ActiveCfg = Release|Any CPU
		{A7602DD8-BBA8-4CA4-B981-1210D13486B8}.Release|Any CPU.Build.0 = Release|Any CPU
	EndGlobalSection
	GlobalSection(SolutionProperties) = preSolution
		HideSolutionNode = FALSE
	EndGlobalSection
	GlobalSection(ExtensibilityGlobals) = postSolution
		SolutionGuid = {D1B4D504-23EE-4950-A4A6-745836CD26B0}
	EndGlobalSection
EndGlobal
