
Microsoft Visual Studio Solution File, Format Version 12.00
# Visual Studio 15
VisualStudioVersion = 15.0.27703.2026
MinimumVisualStudioVersion = 10.0.40219.1
Project("{FAE04EC0-301F-11D3-BF4B-00C04F79EFBC}") = "PcC-PartPicker", "PcC-PartPicker\PcC-PartPicker.csproj", "{19F101F5-E3CB-4339-8573-2C2860EC4383}"
EndProject
Global
	GlobalSection(SolutionConfigurationPlatforms) = preSolution
		Debug|Any CPU = Debug|Any CPU
		Release|Any CPU = Release|Any CPU
	EndGlobalSection
	GlobalSection(ProjectConfigurationPlatforms) = postSolution
		{19F101F5-E3CB-4339-8573-2C2860EC4383}.Debug|Any CPU.ActiveCfg = Debug|Any CPU
		{19F101F5-E3CB-4339-8573-2C2860EC4383}.Debug|Any CPU.Build.0 = Debug|Any CPU
		{19F101F5-E3CB-4339-8573-2C2860EC4383}.Release|Any CPU.ActiveCfg = Release|Any CPU
		{19F101F5-E3CB-4339-8573-2C2860EC4383}.Release|Any CPU.Build.0 = Release|Any CPU
	EndGlobalSection
	GlobalSection(SolutionProperties) = preSolution
		HideSolutionNode = FALSE
	EndGlobalSection
	GlobalSection(ExtensibilityGlobals) = postSolution
		SolutionGuid = {91770A8F-18F9-412F-8667-95ADEFB10F88}
	EndGlobalSection
EndGlobal
